// !$*UTF8*$!
{
	archiveVersion = 1;
	classes = {
	};
	objectVersion = 50;
	objects = {

/* Begin PBXBuildFile section */
		549A43A126CE498E0079C15A /* AppDelegate.swift in Sources */ = {isa = PBXBuildFile; fileRef = 549A43A026CE498E0079C15A /* AppDelegate.swift */; };
		549A43A326CE498E0079C15A /* SceneDelegate.swift in Sources */ = {isa = PBXBuildFile; fileRef = 549A43A226CE498E0079C15A /* SceneDelegate.swift */; };
		549A43A526CE498E0079C15A /* ViewController.swift in Sources */ = {isa = PBXBuildFile; fileRef = 549A43A426CE498E0079C15A /* ViewController.swift */; };
		549A43A826CE498E0079C15A /* Main.storyboard in Resources */ = {isa = PBXBuildFile; fileRef = 549A43A626CE498E0079C15A /* Main.storyboard */; };
		549A43AA26CE49960079C15A /* Assets.xcassets in Resources */ = {isa = PBXBuildFile; fileRef = 549A43A926CE49960079C15A /* Assets.xcassets */; };
		549A43AD26CE49960079C15A /* LaunchScreen.storyboard in Resources */ = {isa = PBXBuildFile; fileRef = 549A43AB26CE49960079C15A /* LaunchScreen.storyboard */; };
/* End PBXBuildFile section */

/* Begin PBXFileReference section */
		549A439D26CE498E0079C15A /* TableViewSectionLesson.app */ = {isa = PBXFileReference; explicitFileType = wrapper.application; includeInIndex = 0; path = TableViewSectionLesson.app; sourceTree = BUILT_PRODUCTS_DIR; };
		549A43A026CE498E0079C15A /* AppDelegate.swift */ = {isa = PBXFileReference; lastKnownFileType = sourcecode.swift; path = AppDelegate.swift; sourceTree = "<group>"; };
		549A43A226CE498E0079C15A /* SceneDelegate.swift */ = {isa = PBXFileReference; lastKnownFileType = sourcecode.swift; path = SceneDelegate.swift; sourceTree = "<group>"; };
		549A43A426CE498E0079C15A /* ViewController.swift */ = {isa = PBXFileReference; lastKnownFileType = sourcecode.swift; path = ViewController.swift; sourceTree = "<group>"; };
		549A43A726CE498E0079C15A /* Base */ = {isa = PBXFileReference; lastKnownFileType = file.storyboard; name = Base; path = Base.lproj/Main.storyboard; sourceTree = "<group>"; };
		549A43A926CE49960079C15A /* Assets.xcassets */ = {isa = PBXFileReference; lastKnownFileType = folder.assetcatalog; path = Assets.xcassets; sourceTree = "<group>"; };
		549A43AC26CE49960079C15A /* Base */ = {isa = PBXFileReference; lastKnownFileType = file.storyboard; name = Base; path = Base.lproj/LaunchScreen.storyboard; sourceTree = "<group>"; };
		549A43AE26CE49960079C15A /* Info.plist */ = {isa = PBXFileReference; lastKnownFileType = text.plist.xml; path = Info.plist; sourceTree = "<group>"; };
/* End PBXFileReference section */

/* Begin PBXFrameworksBuildPhase section */
		549A439A26CE498E0079C15A /* Frameworks */ = {
			isa = PBXFrameworksBuildPhase;
			buildActionMask = 2147483647;
			files = (
			);
			runOnlyForDeploymentPostprocessing = 0;
		};
/* End PBXFrameworksBuildPhase section */

/* Begin PBXGroup section */
		549A439426CE498E0079C15A = {
			isa = PBXGroup;
			children = (
				549A439F26CE498E0079C15A /* TableViewSectionLesson */,
				549A439E26CE498E0079C15A /* Products */,
			);
			sourceTree = "<group>";
		};
		549A439E26CE498E0079C15A /* Products */ = {
			isa = PBXGroup;
			children = (
				549A439D26CE498E0079C15A /* TableViewSectionLesson.app */,
			);
			name = Products;
			sourceTree = "<group>";
		};
		549A439F26CE498E0079C15A /* TableViewSectionLesson */ = {
			isa = PBXGroup;
			children = (
				549A43A026CE498E0079C15A /* AppDelegate.swift */,
				549A43A226CE498E0079C15A /* SceneDelegate.swift */,
				549A43A426CE498E0079C15A /* ViewController.swift */,
				549A43A626CE498E0079C15A /* Main.storyboard */,
				549A43A926CE49960079C15A /* Assets.xcassets */,
				549A43AB26CE49960079C15A /* LaunchScreen.storyboard */,
				549A43AE26CE49960079C15A /* Info.plist */,
			);
			path = TableViewSectionLesson;
			sourceTree = "<group>";
		};
/* End PBXGroup section */

/* Begin PBXNativeTarget section */
		549A439C26CE498E0079C15A /* TableViewSectionLesson */ = {
			isa = PBXNativeTarget;
			buildConfigurationList = 549A43B126CE49960079C15A /* Build configuration list for PBXNativeTarget "TableViewSectionLesson" */;
			buildPhases = (
				549A439926CE498E0079C15A /* Sources */,
				549A439A26CE498E0079C15A /* Frameworks */,
				549A439B26CE498E0079C15A /* Resources */,
			);
			buildRules = (
			);
			dependencies = (
			);
			name = TableViewSectionLesson;
			productName = TableViewSectionLesson;
			productReference = 549A439D26CE498E0079C15A /* TableViewSectionLesson.app */;
			productType = "com.apple.product-type.application";
		};
/* End PBXNativeTarget section */

/* Begin PBXProject section */
		549A439526CE498E0079C15A /* Project object */ = {
			isa = PBXProject;
			attributes = {
				LastSwiftUpdateCheck = 1250;
				LastUpgradeCheck = 1250;
				TargetAttributes = {
					549A439C26CE498E0079C15A = {
						CreatedOnToolsVersion = 12.5;
					};
				};
			};
			buildConfigurationList = 549A439826CE498E0079C15A /* Build configuration list for PBXProject "TableViewSectionLesson" */;
			compatibilityVersion = "Xcode 9.3";
			developmentRegion = en;
			hasScannedForEncodings = 0;
			knownRegions = (
				en,
				Base,
			);
			mainGroup = 549A439426CE498E0079C15A;
			productRefGroup = 549A439E26CE498E0079C15A /* Products */;
			projectDirPath = "";
			projectRoot = "";
			targets = (
				549A439C26CE498E0079C15A /* TableViewSectionLesson */,
			);
		};
/* End PBXProject section */

/* Begin PBXResourcesBuildPhase section */
		549A439B26CE498E0079C15A /* Resources */ = {
			isa = PBXResourcesBuildPhase;
			buildActionMask = 2147483647;
			files = (
				549A43AD26CE49960079C15A /* LaunchScreen.storyboard in Resources */,
				549A43AA26CE49960079C15A /* Assets.xcassets in Resources */,
				549A43A826CE498E0079C15A /* Main.storyboard in Resources */,
			);
			runOnlyForDeploymentPostprocessing = 0;
		};
/* End PBXResourcesBuildPhase section */

/* Begin PBXSourcesBuildPhase section */
		549A439926CE498E0079C15A /* Sources */ = {
			isa = PBXSourcesBuildPhase;
			buildActionMask = 2147483647;
			files = (
				549A43A526CE498E0079C15A /* ViewController.swift in Sources */,
				549A43A126CE498E0079C15A /* AppDelegate.swift in Sources */,
				549A43A326CE498E0079C15A /* SceneDelegate.swift in Sources */,
			);
			runOnlyForDeploymentPostprocessing = 0;
		};
/* End PBXSourcesBuildPhase section */

/* Begin PBXVariantGroup section */
		549A43A626CE498E0079C15A /* Main.storyboard */ = {
			isa = PBXVariantGroup;
			children = (
				549A43A726CE498E0079C15A /* Base */,
			);
			name = Main.storyboard;
			sourceTree = "<group>";
		};
		549A43AB26CE49960079C15A /* LaunchScreen.storyboard */ = {
			isa = PBXVariantGroup;
			children = (
				549A43AC26CE49960079C15A /* Base */,
			);
			name = LaunchScreen.storyboard;
			sourceTree = "<group>";
		};
/* End PBXVariantGroup section */

/* Begin XCBuildConfiguration section */
		549A43AF26CE49960079C15A /* Debug */ = {
			isa = XCBuildConfiguration;
			buildSettings = {
				ALWAYS_SEARCH_USER_PATHS = NO;
				CLANG_ANALYZER_NONNULL = YES;
				CLANG_ANALYZER_NUMBER_OBJECT_CONVERSION = YES_AGGRESSIVE;
				CLANG_CXX_LANGUAGE_STANDARD = "gnu++14";
				CLANG_CXX_LIBRARY = "libc++";
				CLANG_ENABLE_MODULES = YES;
				CLANG_ENABLE_OBJC_ARC = YES;
				CLANG_ENABLE_OBJC_WEAK = YES;
				CLANG_WARN_BLOCK_CAPTURE_AUTORELEASING = YES;
				CLANG_WARN_BOOL_CONVERSION = YES;
				CLANG_WARN_COMMA = YES;
				CLANG_WARN_CONSTANT_CONVERSION = YES;
				CLANG_WARN_DEPRECATED_OBJC_IMPLEMENTATIONS = YES;
				CLANG_WARN_DIRECT_OBJC_ISA_USAGE = YES_ERROR;
				CLANG_WARN_DOCUMENTATION_COMMENTS = YES;
				CLANG_WARN_EMPTY_BODY = YES;
				CLANG_WARN_ENUM_CONVERSION = YES;
				CLANG_WARN_INFINITE_RECURSION = YES;
				CLANG_WARN_INT_CONVERSION = YES;
				CLANG_WARN_NON_LITERAL_NULL_CONVERSION = YES;
				CLANG_WARN_OBJC_IMPLICIT_RETAIN_SELF = YES;
				CLANG_WARN_OBJC_LITERAL_CONVERSION = YES;
				CLANG_WARN_OBJC_ROOT_CLASS = YES_ERROR;
				CLANG_WARN_QUOTED_INCLUDE_IN_FRAMEWORK_HEADER = YES;
				CLANG_WARN_RANGE_LOOP_ANALYSIS = YES;
				CLANG_WARN_STRICT_PROTOTYPES = YES;
				CLANG_WARN_SUSPICIOUS_MOVE = YES;
				CLANG_WARN_UNGUARDED_AVAILABILITY = YES_AGGRESSIVE;
				CLANG_WARN_UNREACHABLE_CODE = YES;
				CLANG_WARN__DUPLICATE_METHOD_MATCH = YES;
				COPY_PHASE_STRIP = NO;
				DEBUG_INFORMATION_FORMAT = dwarf;
				ENABLE_STRICT_OBJC_MSGSEND = YES;
				ENABLE_TESTABILITY = YES;
				GCC_C_LANGUAGE_STANDARD = gnu11;
				GCC_DYNAMIC_NO_PIC = NO;
				GCC_NO_COMMON_BLOCKS = YES;
				GCC_OPTIMIZATION_LEVEL = 0;
				GCC_PREPROCESSOR_DEFINITIONS = (
					"DEBUG=1",
					"$(inherited)",
				);
				GCC_WARN_64_TO_32_BIT_CONVERSION = YES;
				GCC_WARN_ABOUT_RETURN_TYPE = YES_ERROR;
				GCC_WARN_UNDECLARED_SELECTOR = YES;
				GCC_WARN_UNINITIALIZED_AUTOS = YES_AGGRESSIVE;
				GCC_WARN_UNUSED_FUNCTION = YES;
				GCC_WARN_UNUSED_VARIABLE = YES;
				IPHONEOS_DEPLOYMENT_TARGET = 14.5;
				MTL_ENABLE_DEBUG_INFO = INCLUDE_SOURCE;
				MTL_FAST_MATH = YES;
				ONLY_ACTIVE_ARCH = YES;
				SDKROOT = iphoneos;
				SWIFT_ACTIVE_COMPILATION_CONDITIONS = DEBUG;
				SWIFT_OPTIMIZATION_LEVEL = "-Onone";
			};
			name = Debug;
		};
		549A43B026CE49960079C15A /* Release */ = {
			isa = XCBuildConfiguration;
			buildSettings = {
				ALWAYS_SEARCH_USER_PATHS = NO;
				CLANG_ANALYZER_NONNULL = YES;
				CLANG_ANALYZER_NUMBER_OBJECT_CONVERSION = YES_AGGRESSIVE;
				CLANG_CXX_LANGUAGE_STANDARD = "gnu++14";
				CLANG_CXX_LIBRARY = "libc++";
				CLANG_ENABLE_MODULES = YES;
				CLANG_ENABLE_OBJC_ARC = YES;
				CLANG_ENABLE_OBJC_WEAK = YES;
				CLANG_WARN_BLOCK_CAPTURE_AUTORELEASING = YES;
				CLANG_WARN_BOOL_CONVERSION = YES;
				CLANG_WARN_COMMA = YES;
				CLANG_WARN_CONSTANT_CONVERSION = YES;
				CLANG_WARN_DEPRECATED_OBJC_IMPLEMENTATIONS = YES;
				CLANG_WARN_DIRECT_OBJC_ISA_USAGE = YES_ERROR;
				CLANG_WARN_DOCUMENTATION_COMMENTS = YES;
				CLANG_WARN_EMPTY_BODY = YES;
				CLANG_WARN_ENUM_CONVERSION = YES;
				CLANG_WARN_INFINITE_RECURSION = YES;
				CLANG_WARN_INT_CONVERSION = YES;
				CLANG_WARN_NON_LITERAL_NULL_CONVERSION = YES;
				CLANG_WARN_OBJC_IMPLICIT_RETAIN_SELF = YES;
				CLANG_WARN_OBJC_LITERAL_CONVERSION = YES;
				CLANG_WARN_OBJC_ROOT_CLASS = YES_ERROR;
				CLANG_WARN_QUOTED_INCLUDE_IN_FRAMEWORK_HEADER = YES;
				CLANG_WARN_RANGE_LOOP_ANALYSIS = YES;
				CLANG_WARN_STRICT_PROTOTYPES = YES;
				CLANG_WARN_SUSPICIOUS_MOVE = YES;
				CLANG_WARN_UNGUARDED_AVAILABILITY = YES_AGGRESSIVE;
				CLANG_WARN_UNREACHABLE_CODE = YES;
				CLANG_WARN__DUPLICATE_METHOD_MATCH = YES;
				COPY_PHASE_STRIP = NO;
				DEBUG_INFORMATION_FORMAT = "dwarf-with-dsym";
				ENABLE_NS_ASSERTIONS = NO;
				ENABLE_STRICT_OBJC_MSGSEND = YES;
				GCC_C_LANGUAGE_STANDARD = gnu11;
				GCC_NO_COMMON_BLOCKS = YES;
				GCC_WARN_64_TO_32_BIT_CONVERSION = YES;
				GCC_WARN_ABOUT_RETURN_TYPE = YES_ERROR;
				GCC_WARN_UNDECLARED_SELECTOR = YES;
				GCC_WARN_UNINITIALIZED_AUTOS = YES_AGGRESSIVE;
				GCC_WARN_UNUSED_FUNCTION = YES;
				GCC_WARN_UNUSED_VARIABLE = YES;
				IPHONEOS_DEPLOYMENT_TARGET = 14.5;
				MTL_ENABLE_DEBUG_INFO = NO;
				MTL_FAST_MATH = YES;
				SDKROOT = iphoneos;
				SWIFT_COMPILATION_MODE = wholemodule;
				SWIFT_OPTIMIZATION_LEVEL = "-O";
				VALIDATE_PRODUCT = YES;
			};
			name = Release;
		};
		549A43B226CE49960079C15A /* Debug */ = {
			isa = XCBuildConfiguration;
			buildSettings = {
				ASSETCATALOG_COMPILER_APPICON_NAME = AppIcon;
				ASSETCATALOG_COMPILER_GLOBAL_ACCENT_COLOR_NAME = AccentColor;
				CODE_SIGN_STYLE = Automatic;
				INFOPLIST_FILE = TableViewSectionLesson/Info.plist;
				LD_RUNPATH_SEARCH_PATHS = (
					"$(inherited)",
					"@executable_path/Frameworks",
				);
				PRODUCT_BUNDLE_IDENTIFIER = com.TableViewSection.TableViewSectionLesson;
				PRODUCT_NAME = "$(TARGET_NAME)";
				SWIFT_VERSION = 5.0;
				TARGETED_DEVICE_FAMILY = 1;
			};
			name = Debug;
		};
		549A43B326CE49960079C15A /* Release */ = {
			isa = XCBuildConfiguration;
			buildSettings = {
				ASSETCATALOG_COMPILER_APPICON_NAME = AppIcon;
				ASSETCATALOG_COMPILER_GLOBAL_ACCENT_COLOR_NAME = AccentColor;
				CODE_SIGN_STYLE = Automatic;
				INFOPLIST_FILE = TableViewSectionLesson/Info.plist;
				LD_RUNPATH_SEARCH_PATHS = (
					"$(inherited)",
					"@executable_path/Frameworks",
				);
				PRODUCT_BUNDLE_IDENTIFIER = com.TableViewSection.TableViewSectionLesson;
				PRODUCT_NAME = "$(TARGET_NAME)";
				SWIFT_VERSION = 5.0;
				TARGETED_DEVICE_FAMILY = 1;
			};
			name = Release;
		};
/* End XCBuildConfiguration section */

/* Begin XCConfigurationList section */
		549A439826CE498E0079C15A /* Build configuration list for PBXProject "TableViewSectionLesson" */ = {
			isa = XCConfigurationList;
			buildConfigurations = (
				549A43AF26CE49960079C15A /* Debug */,
				549A43B026CE49960079C15A /* Release */,
			);
			defaultConfigurationIsVisible = 0;
			defaultConfigurationName = Release;
		};
		549A43B126CE49960079C15A /* Build configuration list for PBXNativeTarget "TableViewSectionLesson" */ = {
			isa = XCConfigurationList;
			buildConfigurations = (
				549A43B226CE49960079C15A /* Debug */,
				549A43B326CE49960079C15A /* Release */,
			);
			defaultConfigurationIsVisible = 0;
			defaultConfigurationName = Release;
		};
/* End XCConfigurationList section */
	};
	rootObject = 549A439526CE498E0079C15A /* Project object */;
}
